
Microsoft Visual Studio Solution File, Format Version 12.00
# Visual Studio 15
VisualStudioVersion = 15.0.28307.645
MinimumVisualStudioVersion = 10.0.40219.1
Project("{FAE04EC0-301F-11D3-BF4B-00C04F79EFBC}") = "mvcAddress", "mvcAddress\mvcAddress.csproj", "{950CDC28-3347-4649-BA2A-D70FF2C3D14C}"
EndProject
Project("{FAE04EC0-301F-11D3-BF4B-00C04F79EFBC}") = "apiAddressbook", "apiAddressbook\apiAddressbook.csproj", "{026B8402-7C93-4CF9-8410-C5A2ED49FB2E}"
EndProject
Project("{FAE04EC0-301F-11D3-BF4B-00C04F79EFBC}") = "appAddress.Android", "appAddress\appAddress.Android\appAddress.Android.csproj", "{7B20E527-1601-4B22-8494-2B43D776247B}"
EndProject
Project("{FAE04EC0-301F-11D3-BF4B-00C04F79EFBC}") = "appAddress.iOS", "appAddress\appAddress.iOS\appAddress.iOS.csproj", "{0E6B4E4B-EEC9-48A8-B1FA-E35C27955684}"
EndProject
Project("{FAE04EC0-301F-11D3-BF4B-00C04F79EFBC}") = "appAddress", "appAddress\appAddress\appAddress.csproj", "{24D7F1A9-034E-4B51-956C-5ACE6054092C}"
EndProject
Global
	GlobalSection(SolutionConfigurationPlatforms) = preSolution
		Ad-Hoc|Any CPU = Ad-Hoc|Any CPU
		Ad-Hoc|iPhone = Ad-Hoc|iPhone
		Ad-Hoc|iPhoneSimulator = Ad-Hoc|iPhoneSimulator
		AppStore|Any CPU = AppStore|Any CPU
		AppStore|iPhone = AppStore|iPhone
		AppStore|iPhoneSimulator = AppStore|iPhoneSimulator
		Debug|Any CPU = Debug|Any CPU
		Debug|iPhone = Debug|iPhone
		Debug|iPhoneSimulator = Debug|iPhoneSimulator
		Release|Any CPU = Release|Any CPU
		Release|iPhone = Release|iPhone
		Release|iPhoneSimulator = Release|iPhoneSimulator
	EndGlobalSection
	GlobalSection(ProjectConfigurationPlatforms) = postSolution
		{950CDC28-3347-4649-BA2A-D70FF2C3D14C}.Ad-Hoc|Any CPU.ActiveCfg = Release|Any CPU
		{950CDC28-3347-4649-BA2A-D70FF2C3D14C}.Ad-Hoc|Any CPU.Build.0 = Release|Any CPU
		{950CDC28-3347-4649-BA2A-D70FF2C3D14C}.Ad-Hoc|iPhone.ActiveCfg = Release|Any CPU
		{950CDC28-3347-4649-BA2A-D70FF2C3D14C}.Ad-Hoc|iPhone.Build.0 = Release|Any CPU
		{950CDC28-3347-4649-BA2A-D70FF2C3D14C}.Ad-Hoc|iPhoneSimulator.ActiveCfg = Release|Any CPU
		{950CDC28-3347-4649-BA2A-D70FF2C3D14C}.Ad-Hoc|iPhoneSimulator.Build.0 = Release|Any CPU
		{950CDC28-3347-4649-BA2A-D70FF2C3D14C}.AppStore|Any CPU.ActiveCfg = Release|Any CPU
		{950CDC28-3347-4649-BA2A-D70FF2C3D14C}.AppStore|Any CPU.Build.0 = Release|Any CPU
		{950CDC28-3347-4649-BA2A-D70FF2C3D14C}.AppStore|iPhone.ActiveCfg = Release|Any CPU
		{950CDC28-3347-4649-BA2A-D70FF2C3D14C}.AppStore|iPhone.Build.0 = Release|Any CPU
		{950CDC28-3347-4649-BA2A-D70FF2C3D14C}.AppStore|iPhoneSimulator.ActiveCfg = Release|Any CPU
		{950CDC28-3347-4649-BA2A-D70FF2C3D14C}.AppStore|iPhoneSimulator.Build.0 = Release|Any CPU
		{950CDC28-3347-4649-BA2A-D70FF2C3D14C}.Debug|Any CPU.ActiveCfg = Debug|Any CPU
		{950CDC28-3347-4649-BA2A-D70FF2C3D14C}.Debug|Any CPU.Build.0 = Debug|Any CPU
		{950CDC28-3347-4649-BA2A-D70FF2C3D14C}.Debug|iPhone.ActiveCfg = Debug|Any CPU
		{950CDC28-3347-4649-BA2A-D70FF2C3D14C}.Debug|iPhone.Build.0 = Debug|Any CPU
		{950CDC28-3347-4649-BA2A-D70FF2C3D14C}.Debug|iPhoneSimulator.ActiveCfg = Debug|Any CPU
		{950CDC28-3347-4649-BA2A-D70FF2C3D14C}.Debug|iPhoneSimulator.Build.0 = Debug|Any CPU
		{950CDC28-3347-4649-BA2A-D70FF2C3D14C}.Release|Any CPU.ActiveCfg = Release|Any CPU
		{950CDC28-3347-4649-BA2A-D70FF2C3D14C}.Release|Any CPU.Build.0 = Release|Any CPU
		{950CDC28-3347-4649-BA2A-D70FF2C3D14C}.Release|iPhone.ActiveCfg = Release|Any CPU
		{950CDC28-3347-4649-BA2A-D70FF2C3D14C}.Release|iPhone.Build.0 = Release|Any CPU
		{950CDC28-3347-4649-BA2A-D70FF2C3D14C}.Release|iPhoneSimulator.ActiveCfg = Release|Any CPU
		{950CDC28-3347-4649-BA2A-D70FF2C3D14C}.Release|iPhoneSimulator.Build.0 = Release|Any CPU
		{026B8402-7C93-4CF9-8410-C5A2ED49FB2E}.Ad-Hoc|Any CPU.ActiveCfg = Release|Any CPU
		{026B8402-7C93-4CF9-8410-C5A2ED49FB2E}.Ad-Hoc|Any CPU.Build.0 = Release|Any CPU
		{026B8402-7C93-4CF9-8410-C5A2ED49FB2E}.Ad-Hoc|iPhone.ActiveCfg = Release|Any CPU
		{026B8402-7C93-4CF9-8410-C5A2ED49FB2E}.Ad-Hoc|iPhone.Build.0 = Release|Any CPU
		{026B8402-7C93-4CF9-8410-C5A2ED49FB2E}.Ad-Hoc|iPhoneSimulator.ActiveCfg = Release|Any CPU
		{026B8402-7C93-4CF9-8410-C5A2ED49FB2E}.Ad-Hoc|iPhoneSimulator.Build.0 = Release|Any CPU
		{026B8402-7C93-4CF9-8410-C5A2ED49FB2E}.AppStore|Any CPU.ActiveCfg = Release|Any CPU
		{026B8402-7C93-4CF9-8410-C5A2ED49FB2E}.AppStore|Any CPU.Build.0 = Release|Any CPU
		{026B8402-7C93-4CF9-8410-C5A2ED49FB2E}.AppStore|iPhone.ActiveCfg = Release|Any CPU
		{026B8402-7C93-4CF9-8410-C5A2ED49FB2E}.AppStore|iPhone.Build.0 = Release|Any CPU
		{026B8402-7C93-4CF9-8410-C5A2ED49FB2E}.AppStore|iPhoneSimulator.ActiveCfg = Release|Any CPU
		{026B8402-7C93-4CF9-8410-C5A2ED49FB2E}.AppStore|iPhoneSimulator.Build.0 = Release|Any CPU
		{026B8402-7C93-4CF9-8410-C5A2ED49FB2E}.Debug|Any CPU.ActiveCfg = Debug|Any CPU
		{026B8402-7C93-4CF9-8410-C5A2ED49FB2E}.Debug|Any CPU.Build.0 = Debug|Any CPU
		{026B8402-7C93-4CF9-8410-C5A2ED49FB2E}.Debug|iPhone.ActiveCfg = Debug|Any CPU
		{026B8402-7C93-4CF9-8410-C5A2ED49FB2E}.Debug|iPhone.Build.0 = Debug|Any CPU
		{026B8402-7C93-4CF9-8410-C5A2ED49FB2E}.Debug|iPhoneSimulator.ActiveCfg = Debug|Any CPU
		{026B8402-7C93-4CF9-8410-C5A2ED49FB2E}.Debug|iPhoneSimulator.Build.0 = Debug|Any CPU
		{026B8402-7C93-4CF9-8410-C5A2ED49FB2E}.Release|Any CPU.ActiveCfg = Release|Any CPU
		{026B8402-7C93-4CF9-8410-C5A2ED49FB2E}.Release|Any CPU.Build.0 = Release|Any CPU
		{026B8402-7C93-4CF9-8410-C5A2ED49FB2E}.Release|iPhone.ActiveCfg = Release|Any CPU
		{026B8402-7C93-4CF9-8410-C5A2ED49FB2E}.Release|iPhone.Build.0 = Release|Any CPU
		{026B8402-7C93-4CF9-8410-C5A2ED49FB2E}.Release|iPhoneSimulator.ActiveCfg = Release|Any CPU
		{026B8402-7C93-4CF9-8410-C5A2ED49FB2E}.Release|iPhoneSimulator.Build.0 = Release|Any CPU
		{7B20E527-1601-4B22-8494-2B43D776247B}.Ad-Hoc|Any CPU.ActiveCfg = Release|Any CPU
		{7B20E527-1601-4B22-8494-2B43D776247B}.Ad-Hoc|Any CPU.Build.0 = Release|Any CPU
		{7B20E527-1601-4B22-8494-2B43D776247B}.Ad-Hoc|Any CPU.Deploy.0 = Release|Any CPU
		{7B20E527-1601-4B22-8494-2B43D776247B}.Ad-Hoc|iPhone.ActiveCfg = Release|Any CPU
		{7B20E527-1601-4B22-8494-2B43D776247B}.Ad-Hoc|iPhone.Build.0 = Release|Any CPU
		{7B20E527-1601-4B22-8494-2B43D776247B}.Ad-Hoc|iPhone.Deploy.0 = Release|Any CPU
		{7B20E527-1601-4B22-8494-2B43D776247B}.Ad-Hoc|iPhoneSimulator.ActiveCfg = Release|Any CPU
		{7B20E527-1601-4B22-8494-2B43D776247B}.Ad-Hoc|iPhoneSimulator.Build.0 = Release|Any CPU
		{7B20E527-1601-4B22-8494-2B43D776247B}.Ad-Hoc|iPhoneSimulator.Deploy.0 = Release|Any CPU
		{7B20E527-1601-4B22-8494-2B43D776247B}.AppStore|Any CPU.ActiveCfg = Release|Any CPU
		{7B20E527-1601-4B22-8494-2B43D776247B}.AppStore|Any CPU.Build.0 = Release|Any CPU
		{7B20E527-1601-4B22-8494-2B43D776247B}.AppStore|Any CPU.Deploy.0 = Release|Any CPU
		{7B20E527-1601-4B22-8494-2B43D776247B}.AppStore|iPhone.ActiveCfg = Release|Any CPU
		{7B20E527-1601-4B22-8494-2B43D776247B}.AppStore|iPhone.Build.0 = Release|Any CPU
		{7B20E527-1601-4B22-8494-2B43D776247B}.AppStore|iPhone.Deploy.0 = Release|Any CPU
		{7B20E527-1601-4B22-8494-2B43D776247B}.AppStore|iPhoneSimulator.ActiveCfg = Release|Any CPU
		{7B20E527-1601-4B22-8494-2B43D776247B}.AppStore|iPhoneSimulator.Build.0 = Release|Any CPU
		{7B20E527-1601-4B22-8494-2B43D776247B}.AppStore|iPhoneSimulator.Deploy.0 = Release|Any CPU
		{7B20E527-1601-4B22-8494-2B43D776247B}.Debug|Any CPU.ActiveCfg = Debug|Any CPU
		{7B20E527-1601-4B22-8494-2B43D776247B}.Debug|Any CPU.Build.0 = Debug|Any CPU
		{7B20E527-1601-4B22-8494-2B43D776247B}.Debug|Any CPU.Deploy.0 = Debug|Any CPU
		{7B20E527-1601-4B22-8494-2B43D776247B}.Debug|iPhone.ActiveCfg = Debug|Any CPU
		{7B20E527-1601-4B22-8494-2B43D776247B}.Debug|iPhone.Build.0 = Debug|Any CPU
		{7B20E527-1601-4B22-8494-2B43D776247B}.Debug|iPhone.Deploy.0 = Debug|Any CPU
		{7B20E527-1601-4B22-8494-2B43D776247B}.Debug|iPhoneSimulator.ActiveCfg = Debug|Any CPU
		{7B20E527-1601-4B22-8494-2B43D776247B}.Debug|iPhoneSimulator.Build.0 = Debug|Any CPU
		{7B20E527-1601-4B22-8494-2B43D776247B}.Debug|iPhoneSimulator.Deploy.0 = Debug|Any CPU
		{7B20E527-1601-4B22-8494-2B43D776247B}.Release|Any CPU.ActiveCfg = Release|Any CPU
		{7B20E527-1601-4B22-8494-2B43D776247B}.Release|Any CPU.Build.0 = Release|Any CPU
		{7B20E527-1601-4B22-8494-2B43D776247B}.Release|Any CPU.Deploy.0 = Release|Any CPU
		{7B20E527-1601-4B22-8494-2B43D776247B}.Release|iPhone.ActiveCfg = Release|Any CPU
		{7B20E527-1601-4B22-8494-2B43D776247B}.Release|iPhone.Build.0 = Release|Any CPU
		{7B20E527-1601-4B22-8494-2B43D776247B}.Release|iPhone.Deploy.0 = Release|Any CPU
		{7B20E527-1601-4B22-8494-2B43D776247B}.Release|iPhoneSimulator.ActiveCfg = Release|Any CPU
		{7B20E527-1601-4B22-8494-2B43D776247B}.Release|iPhoneSimulator.Build.0 = Release|Any CPU
		{7B20E527-1601-4B22-8494-2B43D776247B}.Release|iPhoneSimulator.Deploy.0 = Release|Any CPU
		{0E6B4E4B-EEC9-48A8-B1FA-E35C27955684}.Ad-Hoc|Any CPU.ActiveCfg = Ad-Hoc|iPhone
		{0E6B4E4B-EEC9-48A8-B1FA-E35C27955684}.Ad-Hoc|iPhone.ActiveCfg = Ad-Hoc|iPhone
		{0E6B4E4B-EEC9-48A8-B1FA-E35C27955684}.Ad-Hoc|iPhone.Build.0 = Ad-Hoc|iPhone
		{0E6B4E4B-EEC9-48A8-B1FA-E35C27955684}.Ad-Hoc|iPhoneSimulator.ActiveCfg = Ad-Hoc|iPhoneSimulator
		{0E6B4E4B-EEC9-48A8-B1FA-E35C27955684}.Ad-Hoc|iPhoneSimulator.Build.0 = Ad-Hoc|iPhoneSimulator
		{0E6B4E4B-EEC9-48A8-B1FA-E35C27955684}.AppStore|Any CPU.ActiveCfg = AppStore|iPhone
		{0E6B4E4B-EEC9-48A8-B1FA-E35C27955684}.AppStore|iPhone.ActiveCfg = AppStore|iPhone
		{0E6B4E4B-EEC9-48A8-B1FA-E35C27955684}.AppStore|iPhone.Build.0 = AppStore|iPhone
		{0E6B4E4B-EEC9-48A8-B1FA-E35C27955684}.AppStore|iPhoneSimulator.ActiveCfg = AppStore|iPhoneSimulator
		{0E6B4E4B-EEC9-48A8-B1FA-E35C27955684}.AppStore|iPhoneSimulator.Build.0 = AppStore|iPhoneSimulator
		{0E6B4E4B-EEC9-48A8-B1FA-E35C27955684}.Debug|Any CPU.ActiveCfg = Debug|iPhone
		{0E6B4E4B-EEC9-48A8-B1FA-E35C27955684}.Debug|iPhone.ActiveCfg = Debug|iPhone
		{0E6B4E4B-EEC9-48A8-B1FA-E35C27955684}.Debug|iPhone.Build.0 = Debug|iPhone
		{0E6B4E4B-EEC9-48A8-B1FA-E35C27955684}.Debug|iPhoneSimulator.ActiveCfg = Debug|iPhoneSimulator
		{0E6B4E4B-EEC9-48A8-B1FA-E35C27955684}.Debug|iPhoneSimulator.Build.0 = Debug|iPhoneSimulator
		{0E6B4E4B-EEC9-48A8-B1FA-E35C27955684}.Release|Any CPU.ActiveCfg = Release|iPhone
		{0E6B4E4B-EEC9-48A8-B1FA-E35C27955684}.Release|iPhone.ActiveCfg = Release|iPhone
		{0E6B4E4B-EEC9-48A8-B1FA-E35C27955684}.Release|iPhone.Build.0 = Release|iPhone
		{0E6B4E4B-EEC9-48A8-B1FA-E35C27955684}.Release|iPhoneSimulator.ActiveCfg = Release|iPhoneSimulator
		{0E6B4E4B-EEC9-48A8-B1FA-E35C27955684}.Release|iPhoneSimulator.Build.0 = Release|iPhoneSimulator
		{24D7F1A9-034E-4B51-956C-5ACE6054092C}.Ad-Hoc|Any CPU.ActiveCfg = Debug|Any CPU
		{24D7F1A9-034E-4B51-956C-5ACE6054092C}.Ad-Hoc|Any CPU.Build.0 = Debug|Any CPU
		{24D7F1A9-034E-4B51-956C-5ACE6054092C}.Ad-Hoc|iPhone.ActiveCfg = Debug|Any CPU
		{24D7F1A9-034E-4B51-956C-5ACE6054092C}.Ad-Hoc|iPhone.Build.0 = Debug|Any CPU
		{24D7F1A9-034E-4B51-956C-5ACE6054092C}.Ad-Hoc|iPhoneSimulator.ActiveCfg = Debug|Any CPU
		{24D7F1A9-034E-4B51-956C-5ACE6054092C}.Ad-Hoc|iPhoneSimulator.Build.0 = Debug|Any CPU
		{24D7F1A9-034E-4B51-956C-5ACE6054092C}.AppStore|Any CPU.ActiveCfg = Debug|Any CPU
		{24D7F1A9-034E-4B51-956C-5ACE6054092C}.AppStore|Any CPU.Build.0 = Debug|Any CPU
		{24D7F1A9-034E-4B51-956C-5ACE6054092C}.AppStore|iPhone.ActiveCfg = Debug|Any CPU
		{24D7F1A9-034E-4B51-956C-5ACE6054092C}.AppStore|iPhone.Build.0 = Debug|Any CPU
		{24D7F1A9-034E-4B51-956C-5ACE6054092C}.AppStore|iPhoneSimulator.ActiveCfg = Debug|Any CPU
		{24D7F1A9-034E-4B51-956C-5ACE6054092C}.AppStore|iPhoneSimulator.Build.0 = Debug|Any CPU
		{24D7F1A9-034E-4B51-956C-5ACE6054092C}.Debug|Any CPU.ActiveCfg = Debug|Any CPU
		{24D7F1A9-034E-4B51-956C-5ACE6054092C}.Debug|Any CPU.Build.0 = Debug|Any CPU
		{24D7F1A9-034E-4B51-956C-5ACE6054092C}.Debug|iPhone.ActiveCfg = Debug|Any CPU
		{24D7F1A9-034E-4B51-956C-5ACE6054092C}.Debug|iPhone.Build.0 = Debug|Any CPU
		{24D7F1A9-034E-4B51-956C-5ACE6054092C}.Debug|iPhoneSimulator.ActiveCfg = Debug|Any CPU
		{24D7F1A9-034E-4B51-956C-5ACE6054092C}.Debug|iPhoneSimulator.Build.0 = Debug|Any CPU
		{24D7F1A9-034E-4B51-956C-5ACE6054092C}.Release|Any CPU.ActiveCfg = Release|Any CPU
		{24D7F1A9-034E-4B51-956C-5ACE6054092C}.Release|Any CPU.Build.0 = Release|Any CPU
		{24D7F1A9-034E-4B51-956C-5ACE6054092C}.Release|iPhone.ActiveCfg = Release|Any CPU
		{24D7F1A9-034E-4B51-956C-5ACE6054092C}.Release|iPhone.Build.0 = Release|Any CPU
		{24D7F1A9-034E-4B51-956C-5ACE6054092C}.Release|iPhoneSimulator.ActiveCfg = Release|Any CPU
		{24D7F1A9-034E-4B51-956C-5ACE6054092C}.Release|iPhoneSimulator.Build.0 = Release|Any CPU
	EndGlobalSection
	GlobalSection(SolutionProperties) = preSolution
		HideSolutionNode = FALSE
	EndGlobalSection
	GlobalSection(ExtensibilityGlobals) = postSolution
		SolutionGuid = {2D539B5B-9097-4599-A4F4-B07533C35526}
	EndGlobalSection
EndGlobal
